// !$*UTF8*$!
{
	archiveVersion = 1;
	classes = {
	};
	objectVersion = 50;
	objects = {

/* Begin PBXBuildFile section */
		3827CDA224C7BF9E004E010F /* AppDelegate.swift in Sources */ = {isa = PBXBuildFile; fileRef = 3827CDA124C7BF9E004E010F /* AppDelegate.swift */; };
		3827CDA424C7BF9E004E010F /* SceneDelegate.swift in Sources */ = {isa = PBXBuildFile; fileRef = 3827CDA324C7BF9E004E010F /* SceneDelegate.swift */; };
		3827CDA624C7BF9E004E010F /* ViewController.swift in Sources */ = {isa = PBXBuildFile; fileRef = 3827CDA524C7BF9E004E010F /* ViewController.swift */; };
		3827CDA924C7BF9E004E010F /* Main.storyboard in Resources */ = {isa = PBXBuildFile; fileRef = 3827CDA724C7BF9E004E010F /* Main.storyboard */; };
		3827CDAB24C7BFA2004E010F /* Assets.xcassets in Resources */ = {isa = PBXBuildFile; fileRef = 3827CDAA24C7BFA2004E010F /* Assets.xcassets */; };
		3827CDAE24C7BFA2004E010F /* LaunchScreen.storyboard in Resources */ = {isa = PBXBuildFile; fileRef = 3827CDAC24C7BFA2004E010F /* LaunchScreen.storyboard */; };
		3827CDCD24C89FCC004E010F /* CharacterWorker.swift in Sources */ = {isa = PBXBuildFile; fileRef = 3827CDCC24C89FCC004E010F /* CharacterWorker.swift */; };
		3827CDCF24C8A450004E010F /* CharacterInteractor.swift in Sources */ = {isa = PBXBuildFile; fileRef = 3827CDCE24C8A450004E010F /* CharacterInteractor.swift */; };
		3827CDD324C8AA76004E010F /* CharacterViewModel.swift in Sources */ = {isa = PBXBuildFile; fileRef = 3827CDD224C8AA76004E010F /* CharacterViewModel.swift */; };
		3827CDD524C8ADA8004E010F /* Character.swift in Sources */ = {isa = PBXBuildFile; fileRef = 3827CDD424C8ADA8004E010F /* Character.swift */; };
		3827CDD724C8D490004E010F /* CharacterPresenter.swift in Sources */ = {isa = PBXBuildFile; fileRef = 3827CDD624C8D490004E010F /* CharacterPresenter.swift */; };
		3827CDD924C8D8AE004E010F /* CharacterView.swift in Sources */ = {isa = PBXBuildFile; fileRef = 3827CDD824C8D8AE004E010F /* CharacterView.swift */; };
		3827CDDB24C8E63E004E010F /* CharacterListViewModel.swift in Sources */ = {isa = PBXBuildFile; fileRef = 3827CDDA24C8E63E004E010F /* CharacterListViewModel.swift */; };
		3827CDDD24C92713004E010F /* CellCharacter.swift in Sources */ = {isa = PBXBuildFile; fileRef = 3827CDDC24C92712004E010F /* CellCharacter.swift */; };
		3872DC1624C96C42002988C1 /* DetailsCharacterViewController.swift in Sources */ = {isa = PBXBuildFile; fileRef = 3872DC1524C96C42002988C1 /* DetailsCharacterViewController.swift */; };
		5C20D99D25EEB0FE00C3D497 /* UIImageView.swift in Sources */ = {isa = PBXBuildFile; fileRef = 5C20D99C25EEB0FE00C3D497 /* UIImageView.swift */; };
/* End PBXBuildFile section */

/* Begin PBXFileReference section */
		3827CD9E24C7BF9E004E010F /* mymarvel.app */ = {isa = PBXFileReference; explicitFileType = wrapper.application; includeInIndex = 0; path = mymarvel.app; sourceTree = BUILT_PRODUCTS_DIR; };
		3827CDA124C7BF9E004E010F /* AppDelegate.swift */ = {isa = PBXFileReference; lastKnownFileType = sourcecode.swift; path = AppDelegate.swift; sourceTree = "<group>"; };
		3827CDA324C7BF9E004E010F /* SceneDelegate.swift */ = {isa = PBXFileReference; lastKnownFileType = sourcecode.swift; path = SceneDelegate.swift; sourceTree = "<group>"; };
		3827CDA524C7BF9E004E010F /* ViewController.swift */ = {isa = PBXFileReference; lastKnownFileType = sourcecode.swift; path = ViewController.swift; sourceTree = "<group>"; };
		3827CDA824C7BF9E004E010F /* Base */ = {isa = PBXFileReference; lastKnownFileType = file.storyboard; name = Base; path = Base.lproj/Main.storyboard; sourceTree = "<group>"; };
		3827CDAA24C7BFA2004E010F /* Assets.xcassets */ = {isa = PBXFileReference; lastKnownFileType = folder.assetcatalog; path = Assets.xcassets; sourceTree = "<group>"; };
		3827CDAD24C7BFA2004E010F /* Base */ = {isa = PBXFileReference; lastKnownFileType = file.storyboard; name = Base; path = Base.lproj/LaunchScreen.storyboard; sourceTree = "<group>"; };
		3827CDAF24C7BFA2004E010F /* Info.plist */ = {isa = PBXFileReference; lastKnownFileType = text.plist.xml; path = Info.plist; sourceTree = "<group>"; };
		3827CDCC24C89FCC004E010F /* CharacterWorker.swift */ = {isa = PBXFileReference; lastKnownFileType = sourcecode.swift; path = CharacterWorker.swift; sourceTree = "<group>"; };
		3827CDCE24C8A450004E010F /* CharacterInteractor.swift */ = {isa = PBXFileReference; lastKnownFileType = sourcecode.swift; path = CharacterInteractor.swift; sourceTree = "<group>"; };
		3827CDD224C8AA76004E010F /* CharacterViewModel.swift */ = {isa = PBXFileReference; lastKnownFileType = sourcecode.swift; path = CharacterViewModel.swift; sourceTree = "<group>"; };
		3827CDD424C8ADA8004E010F /* Character.swift */ = {isa = PBXFileReference; lastKnownFileType = sourcecode.swift; path = Character.swift; sourceTree = "<group>"; };
		3827CDD624C8D490004E010F /* CharacterPresenter.swift */ = {isa = PBXFileReference; lastKnownFileType = sourcecode.swift; path = CharacterPresenter.swift; sourceTree = "<group>"; };
		3827CDD824C8D8AE004E010F /* CharacterView.swift */ = {isa = PBXFileReference; lastKnownFileType = sourcecode.swift; path = CharacterView.swift; sourceTree = "<group>"; };
		3827CDDA24C8E63E004E010F /* CharacterListViewModel.swift */ = {isa = PBXFileReference; lastKnownFileType = sourcecode.swift; path = CharacterListViewModel.swift; sourceTree = "<group>"; };
		3827CDDC24C92712004E010F /* CellCharacter.swift */ = {isa = PBXFileReference; lastKnownFileType = sourcecode.swift; path = CellCharacter.swift; sourceTree = "<group>"; };
		3872DC1524C96C42002988C1 /* DetailsCharacterViewController.swift */ = {isa = PBXFileReference; lastKnownFileType = sourcecode.swift; path = DetailsCharacterViewController.swift; sourceTree = "<group>"; };
		5C20D99C25EEB0FE00C3D497 /* UIImageView.swift */ = {isa = PBXFileReference; lastKnownFileType = sourcecode.swift; path = UIImageView.swift; sourceTree = "<group>"; };
/* End PBXFileReference section */

/* Begin PBXFrameworksBuildPhase section */
		3827CD9B24C7BF9E004E010F /* Frameworks */ = {
			isa = PBXFrameworksBuildPhase;
			buildActionMask = 2147483647;
			files = (
			);
			runOnlyForDeploymentPostprocessing = 0;
		};
/* End PBXFrameworksBuildPhase section */

/* Begin PBXGroup section */
		3827CD9524C7BF9E004E010F = {
			isa = PBXGroup;
			children = (
				5C20D99B25EEB0C000C3D497 /* Extensions */,
				3827CDA024C7BF9E004E010F /* mymarvel */,
				3827CD9F24C7BF9E004E010F /* Products */,
			);
			sourceTree = "<group>";
		};
		3827CD9F24C7BF9E004E010F /* Products */ = {
			isa = PBXGroup;
			children = (
				3827CD9E24C7BF9E004E010F /* mymarvel.app */,
			);
			name = Products;
			sourceTree = "<group>";
		};
		3827CDA024C7BF9E004E010F /* mymarvel */ = {
			isa = PBXGroup;
			children = (
				3872DC1724CA2355002988C1 /* Character */,
				3827CDA124C7BF9E004E010F /* AppDelegate.swift */,
				3827CDA324C7BF9E004E010F /* SceneDelegate.swift */,
				3827CDDC24C92712004E010F /* CellCharacter.swift */,
				3827CDA524C7BF9E004E010F /* ViewController.swift */,
				3827CDA724C7BF9E004E010F /* Main.storyboard */,
				3827CDAA24C7BFA2004E010F /* Assets.xcassets */,
				3827CDAC24C7BFA2004E010F /* LaunchScreen.storyboard */,
				3827CDAF24C7BFA2004E010F /* Info.plist */,
			);
			path = mymarvel;
			sourceTree = "<group>";
		};
		3872DC1724CA2355002988C1 /* Character */ = {
			isa = PBXGroup;
			children = (
				3872DC1824CA242C002988C1 /* Detail */,
				3827CDCC24C89FCC004E010F /* CharacterWorker.swift */,
				3827CDCE24C8A450004E010F /* CharacterInteractor.swift */,
				3827CDD624C8D490004E010F /* CharacterPresenter.swift */,
				3827CDD424C8ADA8004E010F /* Character.swift */,
				3827CDD824C8D8AE004E010F /* CharacterView.swift */,
				3827CDD224C8AA76004E010F /* CharacterViewModel.swift */,
				3827CDDA24C8E63E004E010F /* CharacterListViewModel.swift */,
			);
			path = Character;
			sourceTree = "<group>";
		};
		3872DC1824CA242C002988C1 /* Detail */ = {
			isa = PBXGroup;
			children = (
				3872DC1524C96C42002988C1 /* DetailsCharacterViewController.swift */,
			);
			path = Detail;
			sourceTree = "<group>";
		};
		5C20D99B25EEB0C000C3D497 /* Extensions */ = {
			isa = PBXGroup;
			children = (
				5C20D99C25EEB0FE00C3D497 /* UIImageView.swift */,
			);
			name = Extensions;
			sourceTree = "<group>";
		};
/* End PBXGroup section */

/* Begin PBXNativeTarget section */
		3827CD9D24C7BF9E004E010F /* mymarvel */ = {
			isa = PBXNativeTarget;
			buildConfigurationList = 3827CDB224C7BFA2004E010F /* Build configuration list for PBXNativeTarget "mymarvel" */;
			buildPhases = (
				3827CD9A24C7BF9E004E010F /* Sources */,
				3827CD9B24C7BF9E004E010F /* Frameworks */,
				3827CD9C24C7BF9E004E010F /* Resources */,
			);
			buildRules = (
			);
			dependencies = (
			);
			name = mymarvel;
			packageProductDependencies = (
			);
			productName = mymarvel;
			productReference = 3827CD9E24C7BF9E004E010F /* mymarvel.app */;
			productType = "com.apple.product-type.application";
		};
/* End PBXNativeTarget section */

/* Begin PBXProject section */
		3827CD9624C7BF9E004E010F /* Project object */ = {
			isa = PBXProject;
			attributes = {
				LastSwiftUpdateCheck = 1160;
				LastUpgradeCheck = 1160;
				ORGANIZATIONNAME = "Gilberto Masetto";
				TargetAttributes = {
					3827CD9D24C7BF9E004E010F = {
						CreatedOnToolsVersion = 11.6;
					};
				};
			};
			buildConfigurationList = 3827CD9924C7BF9E004E010F /* Build configuration list for PBXProject "mymarvel" */;
			compatibilityVersion = "Xcode 9.3";
			developmentRegion = en;
			hasScannedForEncodings = 0;
			knownRegions = (
				en,
				Base,
			);
			mainGroup = 3827CD9524C7BF9E004E010F;
			packageReferences = (
			);
			productRefGroup = 3827CD9F24C7BF9E004E010F /* Products */;
			projectDirPath = "";
			projectRoot = "";
			targets = (
				3827CD9D24C7BF9E004E010F /* mymarvel */,
			);
		};
/* End PBXProject section */

/* Begin PBXResourcesBuildPhase section */
		3827CD9C24C7BF9E004E010F /* Resources */ = {
			isa = PBXResourcesBuildPhase;
			buildActionMask = 2147483647;
			files = (
				3827CDAE24C7BFA2004E010F /* LaunchScreen.storyboard in Resources */,
				3827CDAB24C7BFA2004E010F /* Assets.xcassets in Resources */,
				3827CDA924C7BF9E004E010F /* Main.storyboard in Resources */,
			);
			runOnlyForDeploymentPostprocessing = 0;
		};
/* End PBXResourcesBuildPhase section */

/* Begin PBXSourcesBuildPhase section */
		3827CD9A24C7BF9E004E010F /* Sources */ = {
			isa = PBXSourcesBuildPhase;
			buildActionMask = 2147483647;
			files = (
				3827CDDD24C92713004E010F /* CellCharacter.swift in Sources */,
				3872DC1624C96C42002988C1 /* DetailsCharacterViewController.swift in Sources */,
				3827CDD724C8D490004E010F /* CharacterPresenter.swift in Sources */,
				5C20D99D25EEB0FE00C3D497 /* UIImageView.swift in Sources */,
				3827CDA624C7BF9E004E010F /* ViewController.swift in Sources */,
				3827CDDB24C8E63E004E010F /* CharacterListViewModel.swift in Sources */,
				3827CDD324C8AA76004E010F /* CharacterViewModel.swift in Sources */,
				3827CDD524C8ADA8004E010F /* Character.swift in Sources */,
				3827CDCF24C8A450004E010F /* CharacterInteractor.swift in Sources */,
				3827CDA224C7BF9E004E010F /* AppDelegate.swift in Sources */,
				3827CDD924C8D8AE004E010F /* CharacterView.swift in Sources */,
				3827CDA424C7BF9E004E010F /* SceneDelegate.swift in Sources */,
				3827CDCD24C89FCC004E010F /* CharacterWorker.swift in Sources */,
			);
			runOnlyForDeploymentPostprocessing = 0;
		};
/* End PBXSourcesBuildPhase section */

/* Begin PBXVariantGroup section */
		3827CDA724C7BF9E004E010F /* Main.storyboard */ = {
			isa = PBXVariantGroup;
			children = (
				3827CDA824C7BF9E004E010F /* Base */,
			);
			name = Main.storyboard;
			sourceTree = "<group>";
		};
		3827CDAC24C7BFA2004E010F /* LaunchScreen.storyboard */ = {
			isa = PBXVariantGroup;
			children = (
				3827CDAD24C7BFA2004E010F /* Base */,
			);
			name = LaunchScreen.storyboard;
			sourceTree = "<group>";
		};
/* End PBXVariantGroup section */

/* Begin XCBuildConfiguration section */
		3827CDB024C7BFA2004E010F /* Debug */ = {
			isa = XCBuildConfiguration;
			buildSettings = {
				ALWAYS_SEARCH_USER_PATHS = NO;
				CLANG_ANALYZER_NONNULL = YES;
				CLANG_ANALYZER_NUMBER_OBJECT_CONVERSION = YES_AGGRESSIVE;
				CLANG_CXX_LANGUAGE_STANDARD = "gnu++14";
				CLANG_CXX_LIBRARY = "libc++";
				CLANG_ENABLE_MODULES = YES;
				CLANG_ENABLE_OBJC_ARC = YES;
				CLANG_ENABLE_OBJC_WEAK = YES;
				CLANG_WARN_BLOCK_CAPTURE_AUTORELEASING = YES;
				CLANG_WARN_BOOL_CONVERSION = YES;
				CLANG_WARN_COMMA = YES;
				CLANG_WARN_CONSTANT_CONVERSION = YES;
				CLANG_WARN_DEPRECATED_OBJC_IMPLEMENTATIONS = YES;
				CLANG_WARN_DIRECT_OBJC_ISA_USAGE = YES_ERROR;
				CLANG_WARN_DOCUMENTATION_COMMENTS = YES;
				CLANG_WARN_EMPTY_BODY = YES;
				CLANG_WARN_ENUM_CONVERSION = YES;
				CLANG_WARN_INFINITE_RECURSION = YES;
				CLANG_WARN_INT_CONVERSION = YES;
				CLANG_WARN_NON_LITERAL_NULL_CONVERSION = YES;
				CLANG_WARN_OBJC_IMPLICIT_RETAIN_SELF = YES;
				CLANG_WARN_OBJC_LITERAL_CONVERSION = YES;
				CLANG_WARN_OBJC_ROOT_CLASS = YES_ERROR;
				CLANG_WARN_RANGE_LOOP_ANALYSIS = YES;
				CLANG_WARN_STRICT_PROTOTYPES = YES;
				CLANG_WARN_SUSPICIOUS_MOVE = YES;
				CLANG_WARN_UNGUARDED_AVAILABILITY = YES_AGGRESSIVE;
				CLANG_WARN_UNREACHABLE_CODE = YES;
				CLANG_WARN__DUPLICATE_METHOD_MATCH = YES;
				COPY_PHASE_STRIP = NO;
				DEBUG_INFORMATION_FORMAT = dwarf;
				ENABLE_STRICT_OBJC_MSGSEND = YES;
				ENABLE_TESTABILITY = YES;
				GCC_C_LANGUAGE_STANDARD = gnu11;
				GCC_DYNAMIC_NO_PIC = NO;
				GCC_NO_COMMON_BLOCKS = YES;
				GCC_OPTIMIZATION_LEVEL = 0;
				GCC_PREPROCESSOR_DEFINITIONS = (
					"DEBUG=1",
					"$(inherited)",
				);
				GCC_WARN_64_TO_32_BIT_CONVERSION = YES;
				GCC_WARN_ABOUT_RETURN_TYPE = YES_ERROR;
				GCC_WARN_UNDECLARED_SELECTOR = YES;
				GCC_WARN_UNINITIALIZED_AUTOS = YES_AGGRESSIVE;
				GCC_WARN_UNUSED_FUNCTION = YES;
				GCC_WARN_UNUSED_VARIABLE = YES;
				IPHONEOS_DEPLOYMENT_TARGET = 13.6;
				MTL_ENABLE_DEBUG_INFO = INCLUDE_SOURCE;
				MTL_FAST_MATH = YES;
				ONLY_ACTIVE_ARCH = YES;
				SDKROOT = iphoneos;
				SWIFT_ACTIVE_COMPILATION_CONDITIONS = DEBUG;
				SWIFT_OPTIMIZATION_LEVEL = "-Onone";
			};
			name = Debug;
		};
		3827CDB124C7BFA2004E010F /* Release */ = {
			isa = XCBuildConfiguration;
			buildSettings = {
				ALWAYS_SEARCH_USER_PATHS = NO;
				CLANG_ANALYZER_NONNULL = YES;
				CLANG_ANALYZER_NUMBER_OBJECT_CONVERSION = YES_AGGRESSIVE;
				CLANG_CXX_LANGUAGE_STANDARD = "gnu++14";
				CLANG_CXX_LIBRARY = "libc++";
				CLANG_ENABLE_MODULES = YES;
				CLANG_ENABLE_OBJC_ARC = YES;
				CLANG_ENABLE_OBJC_WEAK = YES;
				CLANG_WARN_BLOCK_CAPTURE_AUTORELEASING = YES;
				CLANG_WARN_BOOL_CONVERSION = YES;
				CLANG_WARN_COMMA = YES;
				CLANG_WARN_CONSTANT_CONVERSION = YES;
				CLANG_WARN_DEPRECATED_OBJC_IMPLEMENTATIONS = YES;
				CLANG_WARN_DIRECT_OBJC_ISA_USAGE = YES_ERROR;
				CLANG_WARN_DOCUMENTATION_COMMENTS = YES;
				CLANG_WARN_EMPTY_BODY = YES;
				CLANG_WARN_ENUM_CONVERSION = YES;
				CLANG_WARN_INFINITE_RECURSION = YES;
				CLANG_WARN_INT_CONVERSION = YES;
				CLANG_WARN_NON_LITERAL_NULL_CONVERSION = YES;
				CLANG_WARN_OBJC_IMPLICIT_RETAIN_SELF = YES;
				CLANG_WARN_OBJC_LITERAL_CONVERSION = YES;
				CLANG_WARN_OBJC_ROOT_CLASS = YES_ERROR;
				CLANG_WARN_RANGE_LOOP_ANALYSIS = YES;
				CLANG_WARN_STRICT_PROTOTYPES = YES;
				CLANG_WARN_SUSPICIOUS_MOVE = YES;
				CLANG_WARN_UNGUARDED_AVAILABILITY = YES_AGGRESSIVE;
				CLANG_WARN_UNREACHABLE_CODE = YES;
				CLANG_WARN__DUPLICATE_METHOD_MATCH = YES;
				COPY_PHASE_STRIP = NO;
				DEBUG_INFORMATION_FORMAT = "dwarf-with-dsym";
				ENABLE_NS_ASSERTIONS = NO;
				ENABLE_STRICT_OBJC_MSGSEND = YES;
				GCC_C_LANGUAGE_STANDARD = gnu11;
				GCC_NO_COMMON_BLOCKS = YES;
				GCC_WARN_64_TO_32_BIT_CONVERSION = YES;
				GCC_WARN_ABOUT_RETURN_TYPE = YES_ERROR;
				GCC_WARN_UNDECLARED_SELECTOR = YES;
				GCC_WARN_UNINITIALIZED_AUTOS = YES_AGGRESSIVE;
				GCC_WARN_UNUSED_FUNCTION = YES;
				GCC_WARN_UNUSED_VARIABLE = YES;
				IPHONEOS_DEPLOYMENT_TARGET = 13.6;
				MTL_ENABLE_DEBUG_INFO = NO;
				MTL_FAST_MATH = YES;
				SDKROOT = iphoneos;
				SWIFT_COMPILATION_MODE = wholemodule;
				SWIFT_OPTIMIZATION_LEVEL = "-O";
				VALIDATE_PRODUCT = YES;
			};
			name = Release;
		};
		3827CDB324C7BFA2004E010F /* Debug */ = {
			isa = XCBuildConfiguration;
			buildSettings = {
				ASSETCATALOG_COMPILER_APPICON_NAME = AppIcon;
				CODE_SIGN_STYLE = Automatic;
				DEVELOPMENT_TEAM = 6B63LBH7F4;
				INFOPLIST_FILE = mymarvel/Info.plist;
				LD_RUNPATH_SEARCH_PATHS = (
					"$(inherited)",
					"@executable_path/Frameworks",
				);
				PRODUCT_BUNDLE_IDENTIFIER = br.com.app.mymarvel;
				PRODUCT_NAME = "$(TARGET_NAME)";
				SWIFT_VERSION = 5.0;
				TARGETED_DEVICE_FAMILY = "1,2";
			};
			name = Debug;
		};
		3827CDB424C7BFA2004E010F /* Release */ = {
			isa = XCBuildConfiguration;
			buildSettings = {
				ASSETCATALOG_COMPILER_APPICON_NAME = AppIcon;
				CODE_SIGN_STYLE = Automatic;
				DEVELOPMENT_TEAM = 6B63LBH7F4;
				INFOPLIST_FILE = mymarvel/Info.plist;
				LD_RUNPATH_SEARCH_PATHS = (
					"$(inherited)",
					"@executable_path/Frameworks",
				);
				PRODUCT_BUNDLE_IDENTIFIER = br.com.app.mymarvel;
				PRODUCT_NAME = "$(TARGET_NAME)";
				SWIFT_VERSION = 5.0;
				TARGETED_DEVICE_FAMILY = "1,2";
			};
			name = Release;
		};
/* End XCBuildConfiguration section */

/* Begin XCConfigurationList section */
		3827CD9924C7BF9E004E010F /* Build configuration list for PBXProject "mymarvel" */ = {
			isa = XCConfigurationList;
			buildConfigurations = (
				3827CDB024C7BFA2004E010F /* Debug */,
				3827CDB124C7BFA2004E010F /* Release */,
			);
			defaultConfigurationIsVisible = 0;
			defaultConfigurationName = Release;
		};
		3827CDB224C7BFA2004E010F /* Build configuration list for PBXNativeTarget "mymarvel" */ = {
			isa = XCConfigurationList;
			buildConfigurations = (
				3827CDB324C7BFA2004E010F /* Debug */,
				3827CDB424C7BFA2004E010F /* Release */,
			);
			defaultConfigurationIsVisible = 0;
			defaultConfigurationName = Release;
		};
/* End XCConfigurationList section */
	};
	rootObject = 3827CD9624C7BF9E004E010F /* Project object */;
}
